PODS:
  - AZSearchView (1.0.5)
  - EasyNotificationBadge (1.2.0)

DEPENDENCIES:
  - AZSearchView
  - EasyNotificationBadge

SPEC REPOS:
  https://github.com/cocoapods/specs.git:
    - AZSearchView
    - EasyNotificationBadge

SPEC CHECKSUMS:
  AZSearchView: 21a2c07c5bd05f1aa2bbc34083a91c19f1965ad7
  EasyNotificationBadge: afeb15ed6f9a4262d626a2b745297e96afa26c2e

PODFILE CHECKSUM: 17064c498c2658d9eed32cacb21cf837ef73ede3

COCOAPODS: 1.5.3
